
Microsoft Visual Studio Solution File, Format Version 12.00
# Visual Studio Version 16
VisualStudioVersion = 16.0.31911.196
MinimumVisualStudioVersion = 10.0.40219.1
Project("{FAE04EC0-301F-11D3-BF4B-00C04F79EFBC}") = "EntityFramework", "EntityFramework\EntityFramework.csproj", "{E9972E6A-E5C7-451A-AA35-F500C713EE9B}"
EndProject
Global
	GlobalSection(SolutionConfigurationPlatforms) = preSolution
		Debug|Any CPU = Debug|Any CPU
		Release|Any CPU = Release|Any CPU
	EndGlobalSection
	GlobalSection(ProjectConfigurationPlatforms) = postSolution
		{E9972E6A-E5C7-451A-AA35-F500C713EE9B}.Debug|Any CPU.ActiveCfg = Debug|Any CPU
		{E9972E6A-E5C7-451A-AA35-F500C713EE9B}.Debug|Any CPU.Build.0 = Debug|Any CPU
		{E9972E6A-E5C7-451A-AA35-F500C713EE9B}.Release|Any CPU.ActiveCfg = Release|Any CPU
		{E9972E6A-E5C7-451A-AA35-F500C713EE9B}.Release|Any CPU.Build.0 = Release|Any CPU
	EndGlobalSection
	GlobalSection(SolutionProperties) = preSolution
		HideSolutionNode = FALSE
	EndGlobalSection
	GlobalSection(ExtensibilityGlobals) = postSolution
		SolutionGuid = {1639D29F-904B-4D8E-9AC5-D5E60CB8B3D8}
	EndGlobalSection
EndGlobal
